// !$*UTF8*$!
{
	archiveVersion = 1;
	classes = {
	};
	objectVersion = 46;
	objects = {

/* Begin PBXBuildFile section */
		2E4A93BA1CEB05A3005F15CE /* CL.cpp in Sources */ = {isa = PBXBuildFile; fileRef = 2E4A93B81CEB05A3005F15CE /* CL.cpp */; };
		2E5305C91CE5DAFC00112140 /* main.cpp in Sources */ = {isa = PBXBuildFile; fileRef = 2E5305C81CE5DAFC00112140 /* main.cpp */; };
/* End PBXBuildFile section */

/* Begin PBXCopyFilesBuildPhase section */
		2E5305C31CE5DAFC00112140 /* CopyFiles */ = {
			isa = PBXCopyFilesBuildPhase;
			buildActionMask = 2147483647;
			dstPath = /usr/share/man/man1/;
			dstSubfolderSpec = 0;
			files = (
			);
			runOnlyForDeploymentPostprocessing = 1;
		};
/* End PBXCopyFilesBuildPhase section */

/* Begin PBXFileReference section */
		2E4A93B81CEB05A3005F15CE /* CL.cpp */ = {isa = PBXFileReference; fileEncoding = 4; lastKnownFileType = sourcecode.cpp.cpp; path = CL.cpp; sourceTree = "<group>"; };
		2E4A93B91CEB05A3005F15CE /* CL.hpp */ = {isa = PBXFileReference; fileEncoding = 4; lastKnownFileType = sourcecode.cpp.h; path = CL.hpp; sourceTree = "<group>"; };
		2E5305C51CE5DAFC00112140 /* particleSystem */ = {isa = PBXFileReference; explicitFileType = "compiled.mach-o.executable"; includeInIndex = 0; path = particleSystem; sourceTree = BUILT_PRODUCTS_DIR; };
		2E5305C81CE5DAFC00112140 /* main.cpp */ = {isa = PBXFileReference; lastKnownFileType = sourcecode.cpp.cpp; path = main.cpp; sourceTree = "<group>"; };
/* End PBXFileReference section */

/* Begin PBXFrameworksBuildPhase section */
		2E5305C21CE5DAFC00112140 /* Frameworks */ = {
			isa = PBXFrameworksBuildPhase;
			buildActionMask = 2147483647;
			files = (
			);
			runOnlyForDeploymentPostprocessing = 0;
		};
/* End PBXFrameworksBuildPhase section */

/* Begin PBXGroup section */
		2E5305BC1CE5DAFC00112140 = {
			isa = PBXGroup;
			children = (
				2E5305C71CE5DAFC00112140 /* particleSystem */,
				2E5305C61CE5DAFC00112140 /* Products */,
			);
			sourceTree = "<group>";
		};
		2E5305C61CE5DAFC00112140 /* Products */ = {
			isa = PBXGroup;
			children = (
				2E5305C51CE5DAFC00112140 /* particleSystem */,
			);
			name = Products;
			sourceTree = "<group>";
		};
		2E5305C71CE5DAFC00112140 /* particleSystem */ = {
			isa = PBXGroup;
			children = (
				2E5305C81CE5DAFC00112140 /* main.cpp */,
				2E4A93B81CEB05A3005F15CE /* CL.cpp */,
				2E4A93B91CEB05A3005F15CE /* CL.hpp */,
			);
			path = particleSystem;
			sourceTree = "<group>";
		};
/* End PBXGroup section */

/* Begin PBXNativeTarget section */
		2E5305C41CE5DAFC00112140 /* particleSystem */ = {
			isa = PBXNativeTarget;
			buildConfigurationList = 2E5305CC1CE5DAFC00112140 /* Build configuration list for PBXNativeTarget "particleSystem" */;
			buildPhases = (
				2E5305C11CE5DAFC00112140 /* Sources */,
				2E5305C21CE5DAFC00112140 /* Frameworks */,
				2E5305C31CE5DAFC00112140 /* CopyFiles */,
			);
			buildRules = (
			);
			dependencies = (
			);
			name = particleSystem;
			productName = particleSystem;
			productReference = 2E5305C51CE5DAFC00112140 /* particleSystem */;
			productType = "com.apple.product-type.tool";
		};
/* End PBXNativeTarget section */

/* Begin PBXProject section */
		2E5305BD1CE5DAFC00112140 /* Project object */ = {
			isa = PBXProject;
			attributes = {
				LastUpgradeCheck = 0730;
				ORGANIZATIONNAME = randomLockNess;
				TargetAttributes = {
					2E5305C41CE5DAFC00112140 = {
						CreatedOnToolsVersion = 7.3;
					};
				};
			};
			buildConfigurationList = 2E5305C01CE5DAFC00112140 /* Build configuration list for PBXProject "particleSystem" */;
			compatibilityVersion = "Xcode 3.2";
			developmentRegion = English;
			hasScannedForEncodings = 0;
			knownRegions = (
				en,
			);
			mainGroup = 2E5305BC1CE5DAFC00112140;
			productRefGroup = 2E5305C61CE5DAFC00112140 /* Products */;
			projectDirPath = "";
			projectRoot = "";
			targets = (
				2E5305C41CE5DAFC00112140 /* particleSystem */,
			);
		};
/* End PBXProject section */

/* Begin PBXSourcesBuildPhase section */
		2E5305C11CE5DAFC00112140 /* Sources */ = {
			isa = PBXSourcesBuildPhase;
			buildActionMask = 2147483647;
			files = (
				2E4A93BA1CEB05A3005F15CE /* CL.cpp in Sources */,
				2E5305C91CE5DAFC00112140 /* main.cpp in Sources */,
			);
			runOnlyForDeploymentPostprocessing = 0;
		};
/* End PBXSourcesBuildPhase section */

/* Begin XCBuildConfiguration section */
		2E5305CA1CE5DAFC00112140 /* Debug */ = {
			isa = XCBuildConfiguration;
			buildSettings = {
				ALWAYS_SEARCH_USER_PATHS = NO;
				CLANG_ANALYZER_NONNULL = YES;
				CLANG_CXX_LANGUAGE_STANDARD = "gnu++0x";
				CLANG_CXX_LIBRARY = "libc++";
				CLANG_ENABLE_MODULES = YES;
				CLANG_ENABLE_OBJC_ARC = YES;
				CLANG_WARN_BOOL_CONVERSION = YES;
				CLANG_WARN_CONSTANT_CONVERSION = YES;
				CLANG_WARN_DIRECT_OBJC_ISA_USAGE = YES_ERROR;
				CLANG_WARN_EMPTY_BODY = YES;
				CLANG_WARN_ENUM_CONVERSION = YES;
				CLANG_WARN_INT_CONVERSION = YES;
				CLANG_WARN_OBJC_ROOT_CLASS = YES_ERROR;
				CLANG_WARN_UNREACHABLE_CODE = YES;
				CLANG_WARN__DUPLICATE_METHOD_MATCH = YES;
				CODE_SIGN_IDENTITY = "-";
				COPY_PHASE_STRIP = NO;
				DEBUG_INFORMATION_FORMAT = dwarf;
				ENABLE_STRICT_OBJC_MSGSEND = YES;
				ENABLE_TESTABILITY = YES;
				GCC_C_LANGUAGE_STANDARD = gnu99;
				GCC_DYNAMIC_NO_PIC = NO;
				GCC_NO_COMMON_BLOCKS = YES;
				GCC_OPTIMIZATION_LEVEL = 0;
				GCC_PREPROCESSOR_DEFINITIONS = (
					"DEBUG=1",
					"$(inherited)",
				);
				GCC_WARN_64_TO_32_BIT_CONVERSION = YES;
				GCC_WARN_ABOUT_RETURN_TYPE = YES_ERROR;
				GCC_WARN_UNDECLARED_SELECTOR = YES;
				GCC_WARN_UNINITIALIZED_AUTOS = YES_AGGRESSIVE;
				GCC_WARN_UNUSED_FUNCTION = YES;
				GCC_WARN_UNUSED_VARIABLE = YES;
				MACOSX_DEPLOYMENT_TARGET = 10.11;
				MTL_ENABLE_DEBUG_INFO = YES;
				ONLY_ACTIVE_ARCH = YES;
				SDKROOT = macosx;
			};
			name = Debug;
		};
		2E5305CB1CE5DAFC00112140 /* Release */ = {
			isa = XCBuildConfiguration;
			buildSettings = {
				ALWAYS_SEARCH_USER_PATHS = NO;
				CLANG_ANALYZER_NONNULL = YES;
				CLANG_CXX_LANGUAGE_STANDARD = "gnu++0x";
				CLANG_CXX_LIBRARY = "libc++";
				CLANG_ENABLE_MODULES = YES;
				CLANG_ENABLE_OBJC_ARC = YES;
				CLANG_WARN_BOOL_CONVERSION = YES;
				CLANG_WARN_CONSTANT_CONVERSION = YES;
				CLANG_WARN_DIRECT_OBJC_ISA_USAGE = YES_ERROR;
				CLANG_WARN_EMPTY_BODY = YES;
				CLANG_WARN_ENUM_CONVERSION = YES;
				CLANG_WARN_INT_CONVERSION = YES;
				CLANG_WARN_OBJC_ROOT_CLASS = YES_ERROR;
				CLANG_WARN_UNREACHABLE_CODE = YES;
				CLANG_WARN__DUPLICATE_METHOD_MATCH = YES;
				CODE_SIGN_IDENTITY = "-";
				COPY_PHASE_STRIP = NO;
				DEBUG_INFORMATION_FORMAT = "dwarf-with-dsym";
				ENABLE_NS_ASSERTIONS = NO;
				ENABLE_STRICT_OBJC_MSGSEND = YES;
				GCC_C_LANGUAGE_STANDARD = gnu99;
				GCC_NO_COMMON_BLOCKS = YES;
				GCC_WARN_64_TO_32_BIT_CONVERSION = YES;
				GCC_WARN_ABOUT_RETURN_TYPE = YES_ERROR;
				GCC_WARN_UNDECLARED_SELECTOR = YES;
				GCC_WARN_UNINITIALIZED_AUTOS = YES_AGGRESSIVE;
				GCC_WARN_UNUSED_FUNCTION = YES;
				GCC_WARN_UNUSED_VARIABLE = YES;
				MACOSX_DEPLOYMENT_TARGET = 10.11;
				MTL_ENABLE_DEBUG_INFO = NO;
				SDKROOT = macosx;
			};
			name = Release;
		};
		2E5305CD1CE5DAFC00112140 /* Debug */ = {
			isa = XCBuildConfiguration;
			buildSettings = {
				PRODUCT_NAME = "$(TARGET_NAME)";
			};
			name = Debug;
		};
		2E5305CE1CE5DAFC00112140 /* Release */ = {
			isa = XCBuildConfiguration;
			buildSettings = {
				PRODUCT_NAME = "$(TARGET_NAME)";
			};
			name = Release;
		};
/* End XCBuildConfiguration section */

/* Begin XCConfigurationList section */
		2E5305C01CE5DAFC00112140 /* Build configuration list for PBXProject "particleSystem" */ = {
			isa = XCConfigurationList;
			buildConfigurations = (
				2E5305CA1CE5DAFC00112140 /* Debug */,
				2E5305CB1CE5DAFC00112140 /* Release */,
			);
			defaultConfigurationIsVisible = 0;
			defaultConfigurationName = Release;
		};
		2E5305CC1CE5DAFC00112140 /* Build configuration list for PBXNativeTarget "particleSystem" */ = {
			isa = XCConfigurationList;
			buildConfigurations = (
				2E5305CD1CE5DAFC00112140 /* Debug */,
				2E5305CE1CE5DAFC00112140 /* Release */,
			);
			defaultConfigurationIsVisible = 0;
			defaultConfigurationName = Release;
		};
/* End XCConfigurationList section */
	};
	rootObject = 2E5305BD1CE5DAFC00112140 /* Project object */;
}
